
Microsoft Visual Studio Solution File, Format Version 12.00
# Visual Studio Version 16
VisualStudioVersion = 16.0.32126.315
MinimumVisualStudioVersion = 10.0.40219.1
Project("{FAE04EC0-301F-11D3-BF4B-00C04F79EFBC}") = "KuzuDB-Net", "KuzuDB-Net\KuzuDB-Net.csproj", "{FFFC5493-3AF3-403C-81AE-A4B7C0285DC8}"
EndProject
Global
	GlobalSection(SolutionConfigurationPlatforms) = preSolution
		Debug|Any CPU = Debug|Any CPU
		Release|Any CPU = Release|Any CPU
	EndGlobalSection
	GlobalSection(ProjectConfigurationPlatforms) = postSolution
		{FFFC5493-3AF3-403C-81AE-A4B7C0285DC8}.Debug|Any CPU.ActiveCfg = Debug|Any CPU
		{FFFC5493-3AF3-403C-81AE-A4B7C0285DC8}.Debug|Any CPU.Build.0 = Debug|Any CPU
		{FFFC5493-3AF3-403C-81AE-A4B7C0285DC8}.Release|Any CPU.ActiveCfg = Release|Any CPU
		{FFFC5493-3AF3-403C-81AE-A4B7C0285DC8}.Release|Any CPU.Build.0 = Release|Any CPU
	EndGlobalSection
	GlobalSection(SolutionProperties) = preSolution
		HideSolutionNode = FALSE
	EndGlobalSection
	GlobalSection(ExtensibilityGlobals) = postSolution
		SolutionGuid = {BDD61F63-2160-42CE-B3F4-CCC772241A87}
	EndGlobalSection
EndGlobal
